
Microsoft Visual Studio Solution File, Format Version 12.00
# Visual Studio Version 17
VisualStudioVersion = 17.11.35327.3
MinimumVisualStudioVersion = 10.0.40219.1
Project("{FAE04EC0-301F-11D3-BF4B-00C04F79EFBC}") = "Proekt2.0", "Proekt2.0\Proekt2.0.csproj", "{105BF7BA-35FE-4397-AE97-E76BDB1B7418}"
EndProject
Global
	GlobalSection(SolutionConfigurationPlatforms) = preSolution
		Debug|Any CPU = Debug|Any CPU
		Release|Any CPU = Release|Any CPU
	EndGlobalSection
	GlobalSection(ProjectConfigurationPlatforms) = postSolution
		{105BF7BA-35FE-4397-AE97-E76BDB1B7418}.Debug|Any CPU.ActiveCfg = Debug|Any CPU
		{105BF7BA-35FE-4397-AE97-E76BDB1B7418}.Debug|Any CPU.Build.0 = Debug|Any CPU
		{105BF7BA-35FE-4397-AE97-E76BDB1B7418}.Release|Any CPU.ActiveCfg = Release|Any CPU
		{105BF7BA-35FE-4397-AE97-E76BDB1B7418}.Release|Any CPU.Build.0 = Release|Any CPU
	EndGlobalSection
	GlobalSection(SolutionProperties) = preSolution
		HideSolutionNode = FALSE
	EndGlobalSection
	GlobalSection(ExtensibilityGlobals) = postSolution
		SolutionGuid = {3A9C7D8D-80F0-44B3-8F9C-2B59ECD48A1F}
	EndGlobalSection
EndGlobal
